
Microsoft Visual Studio Solution File, Format Version 12.00
# Visual Studio 15
VisualStudioVersion = 15.0.27004.2006
MinimumVisualStudioVersion = 10.0.40219.1
Project("{9A19103F-16F7-4668-BE54-9A1E7A4F7556}") = "Api", "ZigbeeApi\Api.csproj", "{5E9399D1-A819-456B-8B7A-BAEEFB5BD907}"
EndProject
Project("{FAE04EC0-301F-11D3-BF4B-00C04F79EFBC}") = "Infrastructure", "Infrastructure\Infrastructure.csproj", "{FA7EDD3A-8D29-40AA-B73B-95F949DC222A}"
EndProject
Project("{FAE04EC0-301F-11D3-BF4B-00C04F79EFBC}") = "Core", "Core\Core.csproj", "{F6CF2145-DF1C-4971-878B-C97702712677}"
EndProject
Global
	GlobalSection(SolutionConfigurationPlatforms) = preSolution
		Debug|Any CPU = Debug|Any CPU
		Release|Any CPU = Release|Any CPU
	EndGlobalSection
	GlobalSection(ProjectConfigurationPlatforms) = postSolution
		{5E9399D1-A819-456B-8B7A-BAEEFB5BD907}.Debug|Any CPU.ActiveCfg = Debug|Any CPU
		{5E9399D1-A819-456B-8B7A-BAEEFB5BD907}.Debug|Any CPU.Build.0 = Debug|Any CPU
		{5E9399D1-A819-456B-8B7A-BAEEFB5BD907}.Release|Any CPU.ActiveCfg = Release|Any CPU
		{5E9399D1-A819-456B-8B7A-BAEEFB5BD907}.Release|Any CPU.Build.0 = Release|Any CPU
		{FA7EDD3A-8D29-40AA-B73B-95F949DC222A}.Debug|Any CPU.ActiveCfg = Debug|Any CPU
		{FA7EDD3A-8D29-40AA-B73B-95F949DC222A}.Debug|Any CPU.Build.0 = Debug|Any CPU
		{FA7EDD3A-8D29-40AA-B73B-95F949DC222A}.Release|Any CPU.ActiveCfg = Release|Any CPU
		{FA7EDD3A-8D29-40AA-B73B-95F949DC222A}.Release|Any CPU.Build.0 = Release|Any CPU
		{F6CF2145-DF1C-4971-878B-C97702712677}.Debug|Any CPU.ActiveCfg = Debug|Any CPU
		{F6CF2145-DF1C-4971-878B-C97702712677}.Debug|Any CPU.Build.0 = Debug|Any CPU
		{F6CF2145-DF1C-4971-878B-C97702712677}.Release|Any CPU.ActiveCfg = Release|Any CPU
		{F6CF2145-DF1C-4971-878B-C97702712677}.Release|Any CPU.Build.0 = Release|Any CPU
	EndGlobalSection
	GlobalSection(SolutionProperties) = preSolution
		HideSolutionNode = FALSE
	EndGlobalSection
	GlobalSection(ExtensibilityGlobals) = postSolution
		SolutionGuid = {ECBE15B3-DDBB-4C96-914E-8BDF3B64E685}
	EndGlobalSection
EndGlobal
